
Microsoft Visual Studio Solution File, Format Version 12.00
# Visual Studio Version 16
VisualStudioVersion = 16.0.33801.447
MinimumVisualStudioVersion = 10.0.40219.1
Project("{FAE04EC0-301F-11D3-BF4B-00C04F79EFBC}") = "projekt-gui", "projekt-gui\projekt-gui.csproj", "{12A5C573-5921-4201-A898-173A1CD4F222}"
EndProject
Global
	GlobalSection(SolutionConfigurationPlatforms) = preSolution
		Debug|Any CPU = Debug|Any CPU
		Release|Any CPU = Release|Any CPU
	EndGlobalSection
	GlobalSection(ProjectConfigurationPlatforms) = postSolution
		{12A5C573-5921-4201-A898-173A1CD4F222}.Debug|Any CPU.ActiveCfg = Debug|Any CPU
		{12A5C573-5921-4201-A898-173A1CD4F222}.Debug|Any CPU.Build.0 = Debug|Any CPU
		{12A5C573-5921-4201-A898-173A1CD4F222}.Release|Any CPU.ActiveCfg = Release|Any CPU
		{12A5C573-5921-4201-A898-173A1CD4F222}.Release|Any CPU.Build.0 = Release|Any CPU
	EndGlobalSection
	GlobalSection(SolutionProperties) = preSolution
		HideSolutionNode = FALSE
	EndGlobalSection
	GlobalSection(ExtensibilityGlobals) = postSolution
		SolutionGuid = {A9742847-42DC-43B2-BFD3-C579060A252F}
	EndGlobalSection
EndGlobal
